
Microsoft Visual Studio Solution File, Format Version 11.00
# Visual Studio 2010
Project("{FAE04EC0-301F-11D3-BF4B-00C04F79EFBC}") = "Assembly-CSharp", "Assembly-CSharp.csproj", "{6FAA0B32-5AE0-0A6A-2208-B6830A6ABE76}"
EndProject
Global
	GlobalSection(SolutionConfigurationPlatforms) = preSolution
		Debug|Any CPU = Debug|Any CPU
		Release|Any CPU = Release|Any CPU
	EndGlobalSection
	GlobalSection(ProjectConfigurationPlatforms) = postSolution
		{6FAA0B32-5AE0-0A6A-2208-B6830A6ABE76}.Debug|Any CPU.ActiveCfg = Debug|Any CPU
		{6FAA0B32-5AE0-0A6A-2208-B6830A6ABE76}.Debug|Any CPU.Build.0 = Debug|Any CPU
		{6FAA0B32-5AE0-0A6A-2208-B6830A6ABE76}.Release|Any CPU.ActiveCfg = Release|Any CPU
		{6FAA0B32-5AE0-0A6A-2208-B6830A6ABE76}.Release|Any CPU.Build.0 = Release|Any CPU
	EndGlobalSection
	GlobalSection(SolutionProperties) = preSolution
		HideSolutionNode = FALSE
	EndGlobalSection
EndGlobal
